// !$*UTF8*$!
{
	archiveVersion = 1;
	classes = {
	};
	objectVersion = 77;
	objects = {

/* Begin PBXContainerItemProxy section */
		6C8A906B2FDAE118009C5F4F /* PBXContainerItemProxy */ = {
			isa = PBXContainerItemProxy;
			containerPortal = 6C8A90502FDAE115009C5F4F /* Project object */;
			proxyType = 1;
			remoteGlobalIDString = 6C8A90572FDAE115009C5F4F;
			remoteInfo = KaffaTracker;
		};
		6C8A90752FDAE118009C5F4F /* PBXContainerItemProxy */ = {
			isa = PBXContainerItemProxy;
			containerPortal = 6C8A90502FDAE115009C5F4F /* Project object */;
			proxyType = 1;
			remoteGlobalIDString = 6C8A90572FDAE115009C5F4F;
			remoteInfo = KaffaTracker;
		};
		6CDFBF432FE7CB0900A9F99B /* PBXContainerItemProxy */ = {
			isa = PBXContainerItemProxy;
			containerPortal = 6C8A90502FDAE115009C5F4F /* Project object */;
			proxyType = 1;
			remoteGlobalIDString = 6C8A90572FDAE115009C5F4F;
			remoteInfo = KaffaTracker;
		};
/* End PBXContainerItemProxy section */

/* Begin PBXFileReference section */
		6C8A90582FDAE115009C5F4F /* KaffaTracker.app */ = {isa = PBXFileReference; explicitFileType = wrapper.application; includeInIndex = 0; path = KaffaTracker.app; sourceTree = BUILT_PRODUCTS_DIR; };
		6C8A906A2FDAE118009C5F4F /* KaffaTrackerTests.xctest */ = {isa = PBXFileReference; explicitFileType = wrapper.cfbundle; includeInIndex = 0; path = KaffaTrackerTests.xctest; sourceTree = BUILT_PRODUCTS_DIR; };
		6C8A90742FDAE118009C5F4F /* KaffaTrackerUITests.xctest */ = {isa = PBXFileReference; explicitFileType = wrapper.cfbundle; includeInIndex = 0; path = KaffaTrackerUITests.xctest; sourceTree = BUILT_PRODUCTS_DIR; };
		6CDFBF3F2FE7CB0900A9F99B /* KaffaTracker1Tests.xctest */ = {isa = PBXFileReference; explicitFileType = wrapper.cfbundle; includeInIndex = 0; path = KaffaTracker1Tests.xctest; sourceTree = BUILT_PRODUCTS_DIR; };
/* End PBXFileReference section */

/* Begin PBXFileSystemSynchronizedRootGroup section */
		6C8A905A2FDAE115009C5F4F /* KaffaTracker */ = {
			isa = PBXFileSystemSynchronizedRootGroup;
			path = KaffaTracker;
			sourceTree = "<group>";
		};
		6C8A906D2FDAE118009C5F4F /* KaffaTrackerTests */ = {
			isa = PBXFileSystemSynchronizedRootGroup;
			path = KaffaTrackerTests;
			sourceTree = "<group>";
		};
		6C8A90772FDAE118009C5F4F /* KaffaTrackerUITests */ = {
			isa = PBXFileSystemSynchronizedRootGroup;
			path = KaffaTrackerUITests;
			sourceTree = "<group>";
		};
/* End PBXFileSystemSynchronizedRootGroup section */

/* Begin PBXFrameworksBuildPhase section */
		6C8A90552FDAE115009C5F4F /* Frameworks */ = {
			isa = PBXFrameworksBuildPhase;
			buildActionMask = 2147483647;
			files = (
			);
			runOnlyForDeploymentPostprocessing = 0;
		};
		6C8A90672FDAE118009C5F4F /* Frameworks */ = {
			isa = PBXFrameworksBuildPhase;
			buildActionMask = 2147483647;
			files = (
			);
			runOnlyForDeploymentPostprocessing = 0;
		};
		6C8A90712FDAE118009C5F4F /* Frameworks */ = {
			isa = PBXFrameworksBuildPhase;
			buildActionMask = 2147483647;
			files = (
			);
			runOnlyForDeploymentPostprocessing = 0;
		};
		6CDFBF3C2FE7CB0900A9F99B /* Frameworks */ = {
			isa = PBXFrameworksBuildPhase;
			buildActionMask = 2147483647;
			files = (
			);
			runOnlyForDeploymentPostprocessing = 0;
		};
/* End PBXFrameworksBuildPhase section */

/* Begin PBXGroup section */
		6C8A904F2FDAE115009C5F4F = {
			isa = PBXGroup;
			children = (
				6C8A905A2FDAE115009C5F4F /* KaffaTracker */,
				6C8A906D2FDAE118009C5F4F /* KaffaTrackerTests */,
				6C8A90772FDAE118009C5F4F /* KaffaTrackerUITests */,
				6C8A90592FDAE115009C5F4F /* Products */,
			);
			sourceTree = "<group>";
		};
		6C8A90592FDAE115009C5F4F /* Products */ = {
			isa = PBXGroup;
			children = (
				6C8A90582FDAE115009C5F4F /* KaffaTracker.app */,
				6C8A906A2FDAE118009C5F4F /* KaffaTrackerTests.xctest */,
				6C8A90742FDAE118009C5F4F /* KaffaTrackerUITests.xctest */,
				6CDFBF3F2FE7CB0900A9F99B /* KaffaTracker1Tests.xctest */,
			);
			name = Products;
			sourceTree = "<group>";
		};
/* End PBXGroup section */

/* Begin PBXNativeTarget section */
		6C8A90572FDAE115009C5F4F /* KaffaTracker */ = {
			isa = PBXNativeTarget;
			buildConfigurationList = 6C8A907E2FDAE118009C5F4F /* Build configuration list for PBXNativeTarget "KaffaTracker" */;
			buildPhases = (
				6C8A90542FDAE115009C5F4F /* Sources */,
				6C8A90552FDAE115009C5F4F /* Frameworks */,
				6C8A90562FDAE115009C5F4F /* Resources */,
			);
			buildRules = (
			);
			dependencies = (
			);
			fileSystemSynchronizedGroups = (
				6C8A905A2FDAE115009C5F4F /* KaffaTracker */,
			);
			name = KaffaTracker;
			packageProductDependencies = (
			);
			productName = KaffaTracker;
			productReference = 6C8A90582FDAE115009C5F4F /* KaffaTracker.app */;
			productType = "com.apple.product-type.application";
		};
		6C8A90692FDAE118009C5F4F /* KaffaTrackerTests */ = {
			isa = PBXNativeTarget;
			buildConfigurationList = 6C8A90812FDAE118009C5F4F /* Build configuration list for PBXNativeTarget "KaffaTrackerTests" */;
			buildPhases = (
				6C8A90662FDAE118009C5F4F /* Sources */,
				6C8A90672FDAE118009C5F4F /* Frameworks */,
				6C8A90682FDAE118009C5F4F /* Resources */,
			);
			buildRules = (
			);
			dependencies = (
				6C8A906C2FDAE118009C5F4F /* PBXTargetDependency */,
			);
			fileSystemSynchronizedGroups = (
				6C8A906D2FDAE118009C5F4F /* KaffaTrackerTests */,
			);
			name = KaffaTrackerTests;
			packageProductDependencies = (
			);
			productName = KaffaTrackerTests;
			productReference = 6C8A906A2FDAE118009C5F4F /* KaffaTrackerTests.xctest */;
			productType = "com.apple.product-type.bundle.unit-test";
		};
		6C8A90732FDAE118009C5F4F /* KaffaTrackerUITests */ = {
			isa = PBXNativeTarget;
			buildConfigurationList = 6C8A90842FDAE118009C5F4F /* Build configuration list for PBXNativeTarget "KaffaTrackerUITests" */;
			buildPhases = (
				6C8A90702FDAE118009C5F4F /* Sources */,
				6C8A90712FDAE118009C5F4F /* Frameworks */,
				6C8A90722FDAE118009C5F4F /* Resources */,
			);
			buildRules = (
			);
			dependencies = (
				6C8A90762FDAE118009C5F4F /* PBXTargetDependency */,
			);
			fileSystemSynchronizedGroups = (
				6C8A90772FDAE118009C5F4F /* KaffaTrackerUITests */,
			);
			name = KaffaTrackerUITests;
			packageProductDependencies = (
			);
			productName = KaffaTrackerUITests;
			productReference = 6C8A90742FDAE118009C5F4F /* KaffaTrackerUITests.xctest */;
			productType = "com.apple.product-type.bundle.ui-testing";
		};
		6CDFBF3E2FE7CB0900A9F99B /* KaffaTracker1Tests */ = {
			isa = PBXNativeTarget;
			buildConfigurationList = 6CDFBF452FE7CB0900A9F99B /* Build configuration list for PBXNativeTarget "KaffaTracker1Tests" */;
			buildPhases = (
				6CDFBF3B2FE7CB0900A9F99B /* Sources */,
				6CDFBF3C2FE7CB0900A9F99B /* Frameworks */,
				6CDFBF3D2FE7CB0900A9F99B /* Resources */,
			);
			buildRules = (
			);
			dependencies = (
				6CDFBF442FE7CB0900A9F99B /* PBXTargetDependency */,
			);
			name = KaffaTracker1Tests;
			packageProductDependencies = (
			);
			productName = KaffaTracker1Tests;
			productReference = 6CDFBF3F2FE7CB0900A9F99B /* KaffaTracker1Tests.xctest */;
			productType = "com.apple.product-type.bundle.unit-test";
		};
/* End PBXNativeTarget section */

/* Begin PBXProject section */
		6C8A90502FDAE115009C5F4F /* Project object */ = {
			isa = PBXProject;
			attributes = {
				BuildIndependentTargetsInParallel = 1;
				LastSwiftUpdateCheck = 2620;
				LastUpgradeCheck = 2620;
				TargetAttributes = {
					6C8A90572FDAE115009C5F4F = {
						CreatedOnToolsVersion = 26.2;
					};
					6C8A90692FDAE118009C5F4F = {
						CreatedOnToolsVersion = 26.2;
						TestTargetID = 6C8A90572FDAE115009C5F4F;
					};
					6C8A90732FDAE118009C5F4F = {
						CreatedOnToolsVersion = 26.2;
						TestTargetID = 6C8A90572FDAE115009C5F4F;
					};
					6CDFBF3E2FE7CB0900A9F99B = {
						CreatedOnToolsVersion = 26.2;
						TestTargetID = 6C8A90572FDAE115009C5F4F;
					};
				};
			};
			buildConfigurationList = 6C8A90532FDAE115009C5F4F /* Build configuration list for PBXProject "KaffaTracker" */;
			developmentRegion = en;
			hasScannedForEncodings = 0;
			knownRegions = (
				en,
				Base,
			);
			mainGroup = 6C8A904F2FDAE115009C5F4F;
			minimizedProjectReferenceProxies = 1;
			preferredProjectObjectVersion = 77;
			productRefGroup = 6C8A90592FDAE115009C5F4F /* Products */;
			projectDirPath = "";
			projectRoot = "";
			targets = (
				6C8A90572FDAE115009C5F4F /* KaffaTracker */,
				6C8A90692FDAE118009C5F4F /* KaffaTrackerTests */,
				6C8A90732FDAE118009C5F4F /* KaffaTrackerUITests */,
				6CDFBF3E2FE7CB0900A9F99B /* KaffaTracker1Tests */,
			);
		};
/* End PBXProject section */

/* Begin PBXResourcesBuildPhase section */
		6C8A90562FDAE115009C5F4F /* Resources */ = {
			isa = PBXResourcesBuildPhase;
			buildActionMask = 2147483647;
			files = (
			);
			runOnlyForDeploymentPostprocessing = 0;
		};
		6C8A90682FDAE118009C5F4F /* Resources */ = {
			isa = PBXResourcesBuildPhase;
			buildActionMask = 2147483647;
			files = (
			);
			runOnlyForDeploymentPostprocessing = 0;
		};
		6C8A90722FDAE118009C5F4F /* Resources */ = {
			isa = PBXResourcesBuildPhase;
			buildActionMask = 2147483647;
			files = (
			);
			runOnlyForDeploymentPostprocessing = 0;
		};
		6CDFBF3D2FE7CB0900A9F99B /* Resources */ = {
			isa = PBXResourcesBuildPhase;
			buildActionMask = 2147483647;
			files = (
			);
			runOnlyForDeploymentPostprocessing = 0;
		};
/* End PBXResourcesBuildPhase section */

/* Begin PBXSourcesBuildPhase section */
		6C8A90542FDAE115009C5F4F /* Sources */ = {
			isa = PBXSourcesBuildPhase;
			buildActionMask = 2147483647;
			files = (
			);
			runOnlyForDeploymentPostprocessing = 0;
		};
		6C8A90662FDAE118009C5F4F /* Sources */ = {
			isa = PBXSourcesBuildPhase;
			buildActionMask = 2147483647;
			files = (
			);
			runOnlyForDeploymentPostprocessing = 0;
		};
		6C8A90702FDAE118009C5F4F /* Sources */ = {
			isa = PBXSourcesBuildPhase;
			buildActionMask = 2147483647;
			files = (
			);
			runOnlyForDeploymentPostprocessing = 0;
		};
		6CDFBF3B2FE7CB0900A9F99B /* Sources */ = {
			isa = PBXSourcesBuildPhase;
			buildActionMask = 2147483647;
			files = (
			);
			runOnlyForDeploymentPostprocessing = 0;
		};
/* End PBXSourcesBuildPhase section */

/* Begin PBXTargetDependency section */
		6C8A906C2FDAE118009C5F4F /* PBXTargetDependency */ = {
			isa = PBXTargetDependency;
			target = 6C8A90572FDAE115009C5F4F /* KaffaTracker */;
			targetProxy = 6C8A906B2FDAE118009C5F4F /* PBXContainerItemProxy */;
		};
		6C8A90762FDAE118009C5F4F /* PBXTargetDependency */ = {
			isa = PBXTargetDependency;
			target = 6C8A90572FDAE115009C5F4F /* KaffaTracker */;
			targetProxy = 6C8A90752FDAE118009C5F4F /* PBXContainerItemProxy */;
		};
		6CDFBF442FE7CB0900A9F99B /* PBXTargetDependency */ = {
			isa = PBXTargetDependency;
			target = 6C8A90572FDAE115009C5F4F /* KaffaTracker */;
			targetProxy = 6CDFBF432FE7CB0900A9F99B /* PBXContainerItemProxy */;
		};
/* End PBXTargetDependency section */

/* Begin XCBuildConfiguration section */
		6C8A907C2FDAE118009C5F4F /* Debug */ = {
			isa = XCBuildConfiguration;
			buildSettings = {
				ALWAYS_SEARCH_USER_PATHS = NO;
				ASSETCATALOG_COMPILER_GENERATE_SWIFT_ASSET_SYMBOL_EXTENSIONS = YES;
				CLANG_ANALYZER_NONNULL = YES;
				CLANG_ANALYZER_NUMBER_OBJECT_CONVERSION = YES_AGGRESSIVE;
				CLANG_CXX_LANGUAGE_STANDARD = "gnu++20";
				CLANG_ENABLE_MODULES = YES;
				CLANG_ENABLE_OBJC_ARC = YES;
				CLANG_ENABLE_OBJC_WEAK = YES;
				CLANG_WARN_BLOCK_CAPTURE_AUTORELEASING = YES;
				CLANG_WARN_BOOL_CONVERSION = YES;
				CLANG_WARN_COMMA = YES;
				CLANG_WARN_CONSTANT_CONVERSION = YES;
				CLANG_WARN_DEPRECATED_OBJC_IMPLEMENTATIONS = YES;
				CLANG_WARN_DIRECT_OBJC_ISA_USAGE = YES_ERROR;
				CLANG_WARN_DOCUMENTATION_COMMENTS = YES;
				CLANG_WARN_EMPTY_BODY = YES;
				CLANG_WARN_ENUM_CONVERSION = YES;
				CLANG_WARN_INFINITE_RECURSION = YES;
				CLANG_WARN_INT_CONVERSION = YES;
				CLANG_WARN_NON_LITERAL_NULL_CONVERSION = YES;
				CLANG_WARN_OBJC_IMPLICIT_RETAIN_SELF = YES;
				CLANG_WARN_OBJC_LITERAL_CONVERSION = YES;
				CLANG_WARN_OBJC_ROOT_CLASS = YES_ERROR;
				CLANG_WARN_QUOTED_INCLUDE_IN_FRAMEWORK_HEADER = YES;
				CLANG_WARN_RANGE_LOOP_ANALYSIS = YES;
				CLANG_WARN_STRICT_PROTOTYPES = YES;
				CLANG_WARN_SUSPICIOUS_MOVE = YES;
				CLANG_WARN_UNGUARDED_AVAILABILITY = YES_AGGRESSIVE;
				CLANG_WARN_UNREACHABLE_CODE = YES;
				CLANG_WARN__DUPLICATE_METHOD_MATCH = YES;
				COPY_PHASE_STRIP = NO;
				DEBUG_INFORMATION_FORMAT = dwarf;
				DEVELOPMENT_TEAM = HLHRK4WVA3;
				ENABLE_STRICT_OBJC_MSGSEND = YES;
				ENABLE_TESTABILITY = YES;
				ENABLE_USER_SCRIPT_SANDBOXING = YES;
				GCC_C_LANGUAGE_STANDARD = gnu17;
				GCC_DYNAMIC_NO_PIC = NO;
				GCC_NO_COMMON_BLOCKS = YES;
				GCC_OPTIMIZATION_LEVEL = 0;
				GCC_PREPROCESSOR_DEFINITIONS = (
					"DEBUG=1",
					"$(inherited)",
				);
				GCC_WARN_64_TO_32_BIT_CONVERSION = YES;
				GCC_WARN_ABOUT_RETURN_TYPE = YES_ERROR;
				GCC_WARN_UNDECLARED_SELECTOR = YES;
				GCC_WARN_UNINITIALIZED_AUTOS = YES_AGGRESSIVE;
				GCC_WARN_UNUSED_FUNCTION = YES;
				GCC_WARN_UNUSED_VARIABLE = YES;
				IPHONEOS_DEPLOYMENT_TARGET = 26.2;
				LOCALIZATION_PREFERS_STRING_CATALOGS = YES;
				MTL_ENABLE_DEBUG_INFO = INCLUDE_SOURCE;
				MTL_FAST_MATH = YES;
				ONLY_ACTIVE_ARCH = YES;
				SDKROOT = iphoneos;
				SWIFT_ACTIVE_COMPILATION_CONDITIONS = "DEBUG $(inherited)";
				SWIFT_OPTIMIZATION_LEVEL = "-Onone";
			};
			name = Debug;
		};
		6C8A907D2FDAE118009C5F4F /* Release */ = {
			isa = XCBuildConfiguration;
			buildSettings = {
				ALWAYS_SEARCH_USER_PATHS = NO;
				ASSETCATALOG_COMPILER_GENERATE_SWIFT_ASSET_SYMBOL_EXTENSIONS = YES;
				CLANG_ANALYZER_NONNULL = YES;
				CLANG_ANALYZER_NUMBER_OBJECT_CONVERSION = YES_AGGRESSIVE;
				CLANG_CXX_LANGUAGE_STANDARD = "gnu++20";
				CLANG_ENABLE_MODULES = YES;
				CLANG_ENABLE_OBJC_ARC = YES;
				CLANG_ENABLE_OBJC_WEAK = YES;
				CLANG_WARN_BLOCK_CAPTURE_AUTORELEASING = YES;
				CLANG_WARN_BOOL_CONVERSION = YES;
				CLANG_WARN_COMMA = YES;
				CLANG_WARN_CONSTANT_CONVERSION = YES;
				CLANG_WARN_DEPRECATED_OBJC_IMPLEMENTATIONS = YES;
				CLANG_WARN_DIRECT_OBJC_ISA_USAGE = YES_ERROR;
				CLANG_WARN_DOCUMENTATION_COMMENTS = YES;
				CLANG_WARN_EMPTY_BODY = YES;
				CLANG_WARN_ENUM_CONVERSION = YES;
				CLANG_WARN_INFINITE_RECURSION = YES;
				CLANG_WARN_INT_CONVERSION = YES;
				CLANG_WARN_NON_LITERAL_NULL_CONVERSION = YES;
				CLANG_WARN_OBJC_IMPLICIT_RETAIN_SELF = YES;
				CLANG_WARN_OBJC_LITERAL_CONVERSION = YES;
				CLANG_WARN_OBJC_ROOT_CLASS = YES_ERROR;
				CLANG_WARN_QUOTED_INCLUDE_IN_FRAMEWORK_HEADER = YES;
				CLANG_WARN_RANGE_LOOP_ANALYSIS = YES;
				CLANG_WARN_STRICT_PROTOTYPES = YES;
				CLANG_WARN_SUSPICIOUS_MOVE = YES;
				CLANG_WARN_UNGUARDED_AVAILABILITY = YES_AGGRESSIVE;
				CLANG_WARN_UNREACHABLE_CODE = YES;
				CLANG_WARN__DUPLICATE_METHOD_MATCH = YES;
				COPY_PHASE_STRIP = NO;
				DEBUG_INFORMATION_FORMAT = "dwarf-with-dsym";
				DEVELOPMENT_TEAM = HLHRK4WVA3;
				ENABLE_NS_ASSERTIONS = NO;
				ENABLE_STRICT_OBJC_MSGSEND = YES;
				ENABLE_USER_SCRIPT_SANDBOXING = YES;
				GCC_C_LANGUAGE_STANDARD = gnu17;
				GCC_NO_COMMON_BLOCKS = YES;
				GCC_WARN_64_TO_32_BIT_CONVERSION = YES;
				GCC_WARN_ABOUT_RETURN_TYPE = YES_ERROR;
				GCC_WARN_UNDECLARED_SELECTOR = YES;
				GCC_WARN_UNINITIALIZED_AUTOS = YES_AGGRESSIVE;
				GCC_WARN_UNUSED_FUNCTION = YES;
				GCC_WARN_UNUSED_VARIABLE = YES;
				IPHONEOS_DEPLOYMENT_TARGET = 26.2;
				LOCALIZATION_PREFERS_STRING_CATALOGS = YES;
				MTL_ENABLE_DEBUG_INFO = NO;
				MTL_FAST_MATH = YES;
				SDKROOT = iphoneos;
				SWIFT_COMPILATION_MODE = wholemodule;
				VALIDATE_PRODUCT = YES;
			};
			name = Release;
		};
		6C8A907F2FDAE118009C5F4F /* Debug */ = {
			isa = XCBuildConfiguration;
			buildSettings = {
				ASSETCATALOG_COMPILER_APPICON_NAME = AppIcon;
				ASSETCATALOG_COMPILER_GLOBAL_ACCENT_COLOR_NAME = AccentColor;
				CODE_SIGN_STYLE = Automatic;
				CURRENT_PROJECT_VERSION = 1;
				DEVELOPMENT_TEAM = HLHRK4WVA3;
				ENABLE_PREVIEWS = YES;
				GENERATE_INFOPLIST_FILE = YES;
				INFOPLIST_KEY_UIApplicationSceneManifest_Generation = YES;
				INFOPLIST_KEY_UIApplicationSupportsIndirectInputEvents = YES;
				INFOPLIST_KEY_UILaunchScreen_Generation = YES;
				INFOPLIST_KEY_UISupportedInterfaceOrientations_iPad = "UIInterfaceOrientationPortrait UIInterfaceOrientationPortraitUpsideDown UIInterfaceOrientationLandscapeLeft UIInterfaceOrientationLandscapeRight";
				INFOPLIST_KEY_UISupportedInterfaceOrientations_iPhone = "UIInterfaceOrientationPortrait UIInterfaceOrientationLandscapeLeft UIInterfaceOrientationLandscapeRight";
				LD_RUNPATH_SEARCH_PATHS = (
					"$(inherited)",
					"@executable_path/Frameworks",
				);
				MARKETING_VERSION = 1.0;
				PRODUCT_BUNDLE_IDENTIFIER = com.kaffascha.KaffaTracker;
				PRODUCT_NAME = "$(TARGET_NAME)";
				STRING_CATALOG_GENERATE_SYMBOLS = YES;
				SWIFT_APPROACHABLE_CONCURRENCY = YES;
				SWIFT_DEFAULT_ACTOR_ISOLATION = MainActor;
				SWIFT_EMIT_LOC_STRINGS = YES;
				SWIFT_UPCOMING_FEATURE_MEMBER_IMPORT_VISIBILITY = YES;
				SWIFT_VERSION = 5.0;
				TARGETED_DEVICE_FAMILY = "1,2";
			};
			name = Debug;
		};
		6C8A90802FDAE118009C5F4F /* Release */ = {
			isa = XCBuildConfiguration;
			buildSettings = {
				ASSETCATALOG_COMPILER_APPICON_NAME = AppIcon;
				ASSETCATALOG_COMPILER_GLOBAL_ACCENT_COLOR_NAME = AccentColor;
				CODE_SIGN_STYLE = Automatic;
				CURRENT_PROJECT_VERSION = 1;
				DEVELOPMENT_TEAM = HLHRK4WVA3;
				ENABLE_PREVIEWS = YES;
				GENERATE_INFOPLIST_FILE = YES;
				INFOPLIST_KEY_UIApplicationSceneManifest_Generation = YES;
				INFOPLIST_KEY_UIApplicationSupportsIndirectInputEvents = YES;
				INFOPLIST_KEY_UILaunchScreen_Generation = YES;
				INFOPLIST_KEY_UISupportedInterfaceOrientations_iPad = "UIInterfaceOrientationPortrait UIInterfaceOrientationPortraitUpsideDown UIInterfaceOrientationLandscapeLeft UIInterfaceOrientationLandscapeRight";
				INFOPLIST_KEY_UISupportedInterfaceOrientations_iPhone = "UIInterfaceOrientationPortrait UIInterfaceOrientationLandscapeLeft UIInterfaceOrientationLandscapeRight";
				LD_RUNPATH_SEARCH_PATHS = (
					"$(inherited)",
					"@executable_path/Frameworks",
				);
				MARKETING_VERSION = 1.0;
				PRODUCT_BUNDLE_IDENTIFIER = com.kaffascha.KaffaTracker;
				PRODUCT_NAME = "$(TARGET_NAME)";
				STRING_CATALOG_GENERATE_SYMBOLS = YES;
				SWIFT_APPROACHABLE_CONCURRENCY = YES;
				SWIFT_DEFAULT_ACTOR_ISOLATION = MainActor;
				SWIFT_EMIT_LOC_STRINGS = YES;
				SWIFT_UPCOMING_FEATURE_MEMBER_IMPORT_VISIBILITY = YES;
				SWIFT_VERSION = 5.0;
				TARGETED_DEVICE_FAMILY = "1,2";
			};
			name = Release;
		};
		6C8A90822FDAE118009C5F4F /* Debug */ = {
			isa = XCBuildConfiguration;
			buildSettings = {
				BUNDLE_LOADER = "$(TEST_HOST)";
				CODE_SIGN_STYLE = Automatic;
				CURRENT_PROJECT_VERSION = 1;
				DEVELOPMENT_TEAM = HLHRK4WVA3;
				GENERATE_INFOPLIST_FILE = YES;
				IPHONEOS_DEPLOYMENT_TARGET = 26.2;
				MARKETING_VERSION = 1.0;
				PRODUCT_BUNDLE_IDENTIFIER = com.kaffascha.KaffaTrackerTests;
				PRODUCT_NAME = "$(TARGET_NAME)";
				STRING_CATALOG_GENERATE_SYMBOLS = NO;
				SWIFT_APPROACHABLE_CONCURRENCY = YES;
				SWIFT_EMIT_LOC_STRINGS = NO;
				SWIFT_UPCOMING_FEATURE_MEMBER_IMPORT_VISIBILITY = YES;
				SWIFT_VERSION = 5.0;
				TARGETED_DEVICE_FAMILY = "1,2";
				TEST_HOST = "$(BUILT_PRODUCTS_DIR)/KaffaTracker.app/$(BUNDLE_EXECUTABLE_FOLDER_PATH)/KaffaTracker";
			};
			name = Debug;
		};
		6C8A90832FDAE118009C5F4F /* Release */ = {
			isa = XCBuildConfiguration;
			buildSettings = {
				BUNDLE_LOADER = "$(TEST_HOST)";
				CODE_SIGN_STYLE = Automatic;
				CURRENT_PROJECT_VERSION = 1;
				DEVELOPMENT_TEAM = HLHRK4WVA3;
				GENERATE_INFOPLIST_FILE = YES;
				IPHONEOS_DEPLOYMENT_TARGET = 26.2;
				MARKETING_VERSION = 1.0;
				PRODUCT_BUNDLE_IDENTIFIER = com.kaffascha.KaffaTrackerTests;
				PRODUCT_NAME = "$(TARGET_NAME)";
				STRING_CATALOG_GENERATE_SYMBOLS = NO;
				SWIFT_APPROACHABLE_CONCURRENCY = YES;
				SWIFT_EMIT_LOC_STRINGS = NO;
				SWIFT_UPCOMING_FEATURE_MEMBER_IMPORT_VISIBILITY = YES;
				SWIFT_VERSION = 5.0;
				TARGETED_DEVICE_FAMILY = "1,2";
				TEST_HOST = "$(BUILT_PRODUCTS_DIR)/KaffaTracker.app/$(BUNDLE_EXECUTABLE_FOLDER_PATH)/KaffaTracker";
			};
			name = Release;
		};
		6C8A90852FDAE118009C5F4F /* Debug */ = {
			isa = XCBuildConfiguration;
			buildSettings = {
				CODE_SIGN_STYLE = Automatic;
				CURRENT_PROJECT_VERSION = 1;
				DEVELOPMENT_TEAM = HLHRK4WVA3;
				GENERATE_INFOPLIST_FILE = YES;
				MARKETING_VERSION = 1.0;
				PRODUCT_BUNDLE_IDENTIFIER = com.kaffascha.KaffaTrackerUITests;
				PRODUCT_NAME = "$(TARGET_NAME)";
				STRING_CATALOG_GENERATE_SYMBOLS = NO;
				SWIFT_APPROACHABLE_CONCURRENCY = YES;
				SWIFT_EMIT_LOC_STRINGS = NO;
				SWIFT_UPCOMING_FEATURE_MEMBER_IMPORT_VISIBILITY = YES;
				SWIFT_VERSION = 5.0;
				TARGETED_DEVICE_FAMILY = "1,2";
				TEST_TARGET_NAME = KaffaTracker;
			};
			name = Debug;
		};
		6C8A90862FDAE118009C5F4F /* Release */ = {
			isa = XCBuildConfiguration;
			buildSettings = {
				CODE_SIGN_STYLE = Automatic;
				CURRENT_PROJECT_VERSION = 1;
				DEVELOPMENT_TEAM = HLHRK4WVA3;
				GENERATE_INFOPLIST_FILE = YES;
				MARKETING_VERSION = 1.0;
				PRODUCT_BUNDLE_IDENTIFIER = com.kaffascha.KaffaTrackerUITests;
				PRODUCT_NAME = "$(TARGET_NAME)";
				STRING_CATALOG_GENERATE_SYMBOLS = NO;
				SWIFT_APPROACHABLE_CONCURRENCY = YES;
				SWIFT_EMIT_LOC_STRINGS = NO;
				SWIFT_UPCOMING_FEATURE_MEMBER_IMPORT_VISIBILITY = YES;
				SWIFT_VERSION = 5.0;
				TARGETED_DEVICE_FAMILY = "1,2";
				TEST_TARGET_NAME = KaffaTracker;
			};
			name = Release;
		};
		6CDFBF462FE7CB0900A9F99B /* Debug */ = {
			isa = XCBuildConfiguration;
			buildSettings = {
				BUNDLE_LOADER = "$(TEST_HOST)";
				CODE_SIGN_STYLE = Automatic;
				CURRENT_PROJECT_VERSION = 1;
				DEVELOPMENT_TEAM = HLHRK4WVA3;
				GENERATE_INFOPLIST_FILE = YES;
				MARKETING_VERSION = 1.0;
				PRODUCT_BUNDLE_IDENTIFIER = com.kaffascha.KaffaTracker1Tests;
				PRODUCT_NAME = "$(TARGET_NAME)";
				STRING_CATALOG_GENERATE_SYMBOLS = NO;
				SWIFT_APPROACHABLE_CONCURRENCY = YES;
				SWIFT_EMIT_LOC_STRINGS = NO;
				SWIFT_UPCOMING_FEATURE_MEMBER_IMPORT_VISIBILITY = YES;
				SWIFT_VERSION = 5.0;
				TARGETED_DEVICE_FAMILY = "1,2";
				TEST_HOST = "$(BUILT_PRODUCTS_DIR)/KaffaTracker.app/$(BUNDLE_EXECUTABLE_FOLDER_PATH)/KaffaTracker";
			};
			name = Debug;
		};
		6CDFBF472FE7CB0900A9F99B /* Release */ = {
			isa = XCBuildConfiguration;
			buildSettings = {
				BUNDLE_LOADER = "$(TEST_HOST)";
				CODE_SIGN_STYLE = Automatic;
				CURRENT_PROJECT_VERSION = 1;
				DEVELOPMENT_TEAM = HLHRK4WVA3;
				GENERATE_INFOPLIST_FILE = YES;
				MARKETING_VERSION = 1.0;
				PRODUCT_BUNDLE_IDENTIFIER = com.kaffascha.KaffaTracker1Tests;
				PRODUCT_NAME = "$(TARGET_NAME)";
				STRING_CATALOG_GENERATE_SYMBOLS = NO;
				SWIFT_APPROACHABLE_CONCURRENCY = YES;
				SWIFT_EMIT_LOC_STRINGS = NO;
				SWIFT_UPCOMING_FEATURE_MEMBER_IMPORT_VISIBILITY = YES;
				SWIFT_VERSION = 5.0;
				TARGETED_DEVICE_FAMILY = "1,2";
				TEST_HOST = "$(BUILT_PRODUCTS_DIR)/KaffaTracker.app/$(BUNDLE_EXECUTABLE_FOLDER_PATH)/KaffaTracker";
			};
			name = Release;
		};
/* End XCBuildConfiguration section */

/* Begin XCConfigurationList section */
		6C8A90532FDAE115009C5F4F /* Build configuration list for PBXProject "KaffaTracker" */ = {
			isa = XCConfigurationList;
			buildConfigurations = (
				6C8A907C2FDAE118009C5F4F /* Debug */,
				6C8A907D2FDAE118009C5F4F /* Release */,
			);
			defaultConfigurationIsVisible = 0;
			defaultConfigurationName = Release;
		};
		6C8A907E2FDAE118009C5F4F /* Build configuration list for PBXNativeTarget "KaffaTracker" */ = {
			isa = XCConfigurationList;
			buildConfigurations = (
				6C8A907F2FDAE118009C5F4F /* Debug */,
				6C8A90802FDAE118009C5F4F /* Release */,
			);
			defaultConfigurationIsVisible = 0;
			defaultConfigurationName = Release;
		};
		6C8A90812FDAE118009C5F4F /* Build configuration list for PBXNativeTarget "KaffaTrackerTests" */ = {
			isa = XCConfigurationList;
			buildConfigurations = (
				6C8A90822FDAE118009C5F4F /* Debug */,
				6C8A90832FDAE118009C5F4F /* Release */,
			);
			defaultConfigurationIsVisible = 0;
			defaultConfigurationName = Release;
		};
		6C8A90842FDAE118009C5F4F /* Build configuration list for PBXNativeTarget "KaffaTrackerUITests" */ = {
			isa = XCConfigurationList;
			buildConfigurations = (
				6C8A90852FDAE118009C5F4F /* Debug */,
				6C8A90862FDAE118009C5F4F /* Release */,
			);
			defaultConfigurationIsVisible = 0;
			defaultConfigurationName = Release;
		};
		6CDFBF452FE7CB0900A9F99B /* Build configuration list for PBXNativeTarget "KaffaTracker1Tests" */ = {
			isa = XCConfigurationList;
			buildConfigurations = (
				6CDFBF462FE7CB0900A9F99B /* Debug */,
				6CDFBF472FE7CB0900A9F99B /* Release */,
			);
			defaultConfigurationIsVisible = 0;
			defaultConfigurationName = Release;
		};
/* End XCConfigurationList section */
	};
	rootObject = 6C8A90502FDAE115009C5F4F /* Project object */;
}
